{
  "originHash" : "8bfb994a6126cf1f04ae36c7c98f1895ca2b49dd5e2f95a0c152983f07804f35",
  "pins" : [
    {
      "identity" : "async-http-client",
      "kind" : "remoteSourceControl",
      "location" : "https://github.com/swift-server/async-http-client.git",
      "state" : {
        "revision" : "0ae99db85b2b9d1e79b362bd31fd1ffe492f7c47",
        "version" : "1.21.2"
      }
    },
    {
      "identity" : "async-kit",
      "kind" : "remoteSourceControl",
      "location" : "https://github.com/vapor/async-kit.git",
      "state" : {
        "revision" : "7ece208cd401687641c88367a00e3ea2b04311f1",
        "version" : "1.19.0"
      }
    },
    {
      "identity" : "console-kit",
      "kind" : "remoteSourceControl",
      "location" : "https://github.com/vapor/console-kit.git",
      "state" : {
        "revision" : "9f7932f22ab6f64aafadc14491e694179b7d0f6f",
        "version" : "4.14.3"
      }
    },
    {
      "identity" : "corexlsx",
      "kind" : "remoteSourceControl",
      "location" : "https://github.com/CoreOffice/CoreXLSX.git",
      "state" : {
        "revision" : "1391f3832ea2eeee5186ea8abb81ea49ed0609cc",
        "version" : "0.14.2"
      }
    },
    {
      "identity" : "fluent",
      "kind" : "remoteSourceControl",
      "location" : "https://github.com/vapor/fluent.git",
      "state" : {
        "revision" : "dfcbeba27a576c20ff181d496f21ecd45d2c1a71",
        "version" : "4.11.0"
      }
    },
    {
      "identity" : "fluent-kit",
      "kind" : "remoteSourceControl",
      "location" : "https://github.com/vapor/fluent-kit.git",
      "state" : {
        "revision" : "d69efce21242ad4dba6935cc1b8d5637281604d5",
        "version" : "1.48.5"
      }
    },
    {
      "identity" : "fluent-sqlite-driver",
      "kind" : "remoteSourceControl",
      "location" : "https://github.com/vapor/fluent-sqlite-driver.git",
      "state" : {
        "revision" : "40303a20bc39c270c8e50339ada30f9750e2a681",
        "version" : "4.7.3"
      }
    },
    {
      "identity" : "leaf",
      "kind" : "remoteSourceControl",
      "location" : "https://github.com/vapor/leaf",
      "state" : {
        "revision" : "0be8765af9991823c854d97faa4a97db1cfa2643",
        "version" : "4.3.0"
      }
    },
    {
      "identity" : "leaf-error-middleware",
      "kind" : "remoteSourceControl",
      "location" : "https://github.com/brokenhandsio/leaf-error-middleware.git",
      "state" : {
        "revision" : "fe1dc231db665be74eafb565dbba552e272da6cf",
        "version" : "4.1.1"
      }
    },
    {
      "identity" : "leaf-kit",
      "kind" : "remoteSourceControl",
      "location" : "https://github.com/vapor/leaf-kit",
      "state" : {
        "revision" : "547e48cc5f8d98380dd8a7226ce630d3aa3b2245",
        "version" : "1.10.6"
      }
    },
    {
      "identity" : "multipart-kit",
      "kind" : "remoteSourceControl",
      "location" : "https://github.com/vapor/multipart-kit.git",
      "state" : {
        "revision" : "a31236f24bfd2ea2f520a74575881f6731d7ae68",
        "version" : "4.7.0"
      }
    },
    {
      "identity" : "routing-kit",
      "kind" : "remoteSourceControl",
      "location" : "https://github.com/vapor/routing-kit.git",
      "state" : {
        "revision" : "8c9a227476555c55837e569be71944e02a056b72",
        "version" : "4.9.1"
      }
    },
    {
      "identity" : "sgshared",
      "kind" : "remoteSourceControl",
      "location" : "https://github.com/smguijt/SGShared.git",
      "state" : {
        "branch" : "master",
        "revision" : "21b4fd36eba729707ec950f9dbd15d0fbfeffa92"
      }
    },
    {
      "identity" : "sql-kit",
      "kind" : "remoteSourceControl",
      "location" : "https://github.com/vapor/sql-kit.git",
      "state" : {
        "revision" : "f697d3289c628acd241e3b2c7d3ff068adcc52d1",
        "version" : "3.31.1"
      }
    },
    {
      "identity" : "sqlite-kit",
      "kind" : "remoteSourceControl",
      "location" : "https://github.com/vapor/sqlite-kit.git",
      "state" : {
        "revision" : "f35a863ecc2da5d563b836a9a696b148b0f4169f",
        "version" : "4.5.2"
      }
    },
    {
      "identity" : "sqlite-nio",
      "kind" : "remoteSourceControl",
      "location" : "https://github.com/vapor/sqlite-nio.git",
      "state" : {
        "revision" : "1b03dafcd8b86047650925325a2bd4d20f6205fd",
        "version" : "1.10.1"
      }
    },
    {
      "identity" : "swift-algorithms",
      "kind" : "remoteSourceControl",
      "location" : "https://github.com/apple/swift-algorithms.git",
      "state" : {
        "revision" : "f6919dfc309e7f1b56224378b11e28bab5bccc42",
        "version" : "1.2.0"
      }
    },
    {
      "identity" : "swift-atomics",
      "kind" : "remoteSourceControl",
      "location" : "https://github.com/apple/swift-atomics.git",
      "state" : {
        "revision" : "cd142fd2f64be2100422d658e7411e39489da985",
        "version" : "1.2.0"
      }
    },
    {
      "identity" : "swift-collections",
      "kind" : "remoteSourceControl",
      "location" : "https://github.com/apple/swift-collections.git",
      "state" : {
        "revision" : "ee97538f5b81ae89698fd95938896dec5217b148",
        "version" : "1.1.1"
      }
    },
    {
      "identity" : "swift-crypto",
      "kind" : "remoteSourceControl",
      "location" : "https://github.com/apple/swift-crypto.git",
      "state" : {
        "revision" : "bc1c29221f6dfeb0ebbfbc98eb95cd3d4967868e",
        "version" : "3.4.0"
      }
    },
    {
      "identity" : "swift-http-types",
      "kind" : "remoteSourceControl",
      "location" : "https://github.com/apple/swift-http-types",
      "state" : {
        "revision" : "1ddbea1ee34354a6a2532c60f98501c35ae8edfa",
        "version" : "1.2.0"
      }
    },
    {
      "identity" : "swift-log",
      "kind" : "remoteSourceControl",
      "location" : "https://github.com/apple/swift-log.git",
      "state" : {
        "revision" : "b3a637307772d20291d78a5b7a0d4204d9b1e981",
        "version" : "1.6.0"
      }
    },
    {
      "identity" : "swift-metrics",
      "kind" : "remoteSourceControl",
      "location" : "https://github.com/apple/swift-metrics.git",
      "state" : {
        "revision" : "e0165b53d49b413dd987526b641e05e246782685",
        "version" : "2.5.0"
      }
    },
    {
      "identity" : "swift-nio",
      "kind" : "remoteSourceControl",
      "location" : "https://github.com/apple/swift-nio.git",
      "state" : {
        "revision" : "e5a216ba89deba84356bad9d4c2eab99071c745b",
        "version" : "2.67.0"
      }
    },
    {
      "identity" : "swift-nio-extras",
      "kind" : "remoteSourceControl",
      "location" : "https://github.com/apple/swift-nio-extras.git",
      "state" : {
        "revision" : "a3b640d7dc567225db7c94386a6e71aded1bfa63",
        "version" : "1.22.0"
      }
    },
    {
      "identity" : "swift-nio-http2",
      "kind" : "remoteSourceControl",
      "location" : "https://github.com/apple/swift-nio-http2.git",
      "state" : {
        "revision" : "8d8eb609929aee75336a0a3d2417280786265868",
        "version" : "1.32.0"
      }
    },
    {
      "identity" : "swift-nio-ssl",
      "kind" : "remoteSourceControl",
      "location" : "https://github.com/apple/swift-nio-ssl.git",
      "state" : {
        "revision" : "2b09805797f21c380f7dc9bedaab3157c5508efb",
        "version" : "2.27.0"
      }
    },
    {
      "identity" : "swift-nio-transport-services",
      "kind" : "remoteSourceControl",
      "location" : "https://github.com/apple/swift-nio-transport-services.git",
      "state" : {
        "revision" : "38ac8221dd20674682148d6451367f89c2652980",
        "version" : "1.21.0"
      }
    },
    {
      "identity" : "swift-numerics",
      "kind" : "remoteSourceControl",
      "location" : "https://github.com/apple/swift-numerics.git",
      "state" : {
        "revision" : "0a5bc04095a675662cf24757cc0640aa2204253b",
        "version" : "1.0.2"
      }
    },
    {
      "identity" : "swift-system",
      "kind" : "remoteSourceControl",
      "location" : "https://github.com/apple/swift-system.git",
      "state" : {
        "revision" : "f9266c85189c2751589a50ea5aec72799797e471",
        "version" : "1.3.0"
      }
    },
    {
      "identity" : "vapor",
      "kind" : "remoteSourceControl",
      "location" : "https://github.com/vapor/vapor.git",
      "state" : {
        "revision" : "ebbe71c89aa1b76a0920277760b12be7a2ec7c70",
        "version" : "4.102.0"
      }
    },
    {
      "identity" : "websocket-kit",
      "kind" : "remoteSourceControl",
      "location" : "https://github.com/vapor/websocket-kit.git",
      "state" : {
        "revision" : "4232d34efa49f633ba61afde365d3896fc7f8740",
        "version" : "2.15.0"
      }
    },
    {
      "identity" : "xmlcoder",
      "kind" : "remoteSourceControl",
      "location" : "https://github.com/maxdesiatov/XMLCoder.git",
      "state" : {
        "revision" : "ca932442d7481700f5434a7b138c47dd42d9902b",
        "version" : "0.14.0"
      }
    },
    {
      "identity" : "zipfoundation",
      "kind" : "remoteSourceControl",
      "location" : "https://github.com/weichsel/ZIPFoundation.git",
      "state" : {
        "revision" : "02b6abe5f6eef7e3cbd5f247c5cc24e246efcfe0",
        "version" : "0.9.19"
      }
    }
  ],
  "version" : 3
}
